
Microsoft Visual Studio Solution File, Format Version 12.00
# Visual Studio 15
VisualStudioVersion = 15.0.28307.168
MinimumVisualStudioVersion = 10.0.40219.1
Project("{FAE04EC0-301F-11D3-BF4B-00C04F79EFBC}") = "ButlerBatGen", "ButlerBatGen\ButlerBatGen.csproj", "{E86E7CF6-CD79-4C65-A967-66ED14BB9202}"
EndProject
Global
	GlobalSection(SolutionConfigurationPlatforms) = preSolution
		Debug|Any CPU = Debug|Any CPU
		Release|Any CPU = Release|Any CPU
	EndGlobalSection
	GlobalSection(ProjectConfigurationPlatforms) = postSolution
		{E86E7CF6-CD79-4C65-A967-66ED14BB9202}.Debug|Any CPU.ActiveCfg = Debug|Any CPU
		{E86E7CF6-CD79-4C65-A967-66ED14BB9202}.Debug|Any CPU.Build.0 = Debug|Any CPU
		{E86E7CF6-CD79-4C65-A967-66ED14BB9202}.Release|Any CPU.ActiveCfg = Release|Any CPU
		{E86E7CF6-CD79-4C65-A967-66ED14BB9202}.Release|Any CPU.Build.0 = Release|Any CPU
	EndGlobalSection
	GlobalSection(SolutionProperties) = preSolution
		HideSolutionNode = FALSE
	EndGlobalSection
	GlobalSection(ExtensibilityGlobals) = postSolution
		SolutionGuid = {5D22AE66-6969-4BFD-8BA8-E71D4466652A}
	EndGlobalSection
EndGlobal
